
Microsoft Visual Studio Solution File, Format Version 12.00
# Visual Studio Version 16
VisualStudioVersion = 16.0.28902.138
MinimumVisualStudioVersion = 10.0.40219.1
Project("{9A19103F-16F7-4668-BE54-9A1E7A4F7556}") = "SaltyRPC", "src\SaltyRPC\SaltyRPC.csproj", "{AFE25CDD-38C7-4381-BEBD-738FC757AC3C}"
EndProject
Global
	GlobalSection(SolutionConfigurationPlatforms) = preSolution
		Debug|Any CPU = Debug|Any CPU
		Release|Any CPU = Release|Any CPU
	EndGlobalSection
	GlobalSection(ProjectConfigurationPlatforms) = postSolution
		{AFE25CDD-38C7-4381-BEBD-738FC757AC3C}.Debug|Any CPU.ActiveCfg = Debug|Any CPU
		{AFE25CDD-38C7-4381-BEBD-738FC757AC3C}.Debug|Any CPU.Build.0 = Debug|Any CPU
		{AFE25CDD-38C7-4381-BEBD-738FC757AC3C}.Release|Any CPU.ActiveCfg = Release|Any CPU
		{AFE25CDD-38C7-4381-BEBD-738FC757AC3C}.Release|Any CPU.Build.0 = Release|Any CPU
	EndGlobalSection
	GlobalSection(SolutionProperties) = preSolution
		HideSolutionNode = FALSE
	EndGlobalSection
	GlobalSection(ExtensibilityGlobals) = postSolution
		SolutionGuid = {B4F0806C-2601-4619-AA17-F86174AB3797}
	EndGlobalSection
EndGlobal
